
Microsoft Visual Studio Solution File, Format Version 12.00
# Visual Studio Version 17
VisualStudioVersion = 17.7.34031.279
MinimumVisualStudioVersion = 10.0.40219.1
Project("{FAE04EC0-301F-11D3-BF4B-00C04F79EFBC}") = "LinkedListPractice", "LinkedListPractice\LinkedListPractice.csproj", "{72541F1B-8D46-43D6-BD8A-B82DC68C1850}"
EndProject
Project("{9A19103F-16F7-4668-BE54-9A1E7A4F7556}") = "LinkedListYieldReturn.Tests", "LinkedListTest\LinkedListYieldReturn.Tests.csproj", "{8C7E8BD6-24EC-42A1-B5BE-78EBF6C97B80}"
EndProject
Project("{FAE04EC0-301F-11D3-BF4B-00C04F79EFBC}") = "LinkedListYieldReturn", "LinkedListYieldReturn\LinkedListYieldReturn.csproj", "{DE99B0FF-FF2C-46D7-B62D-BC60B18A7EB3}"
EndProject
Global
	GlobalSection(SolutionConfigurationPlatforms) = preSolution
		Debug|Any CPU = Debug|Any CPU
		Release|Any CPU = Release|Any CPU
	EndGlobalSection
	GlobalSection(ProjectConfigurationPlatforms) = postSolution
		{72541F1B-8D46-43D6-BD8A-B82DC68C1850}.Debug|Any CPU.ActiveCfg = Debug|Any CPU
		{72541F1B-8D46-43D6-BD8A-B82DC68C1850}.Debug|Any CPU.Build.0 = Debug|Any CPU
		{72541F1B-8D46-43D6-BD8A-B82DC68C1850}.Release|Any CPU.ActiveCfg = Release|Any CPU
		{72541F1B-8D46-43D6-BD8A-B82DC68C1850}.Release|Any CPU.Build.0 = Release|Any CPU
		{8C7E8BD6-24EC-42A1-B5BE-78EBF6C97B80}.Debug|Any CPU.ActiveCfg = Debug|Any CPU
		{8C7E8BD6-24EC-42A1-B5BE-78EBF6C97B80}.Debug|Any CPU.Build.0 = Debug|Any CPU
		{8C7E8BD6-24EC-42A1-B5BE-78EBF6C97B80}.Release|Any CPU.ActiveCfg = Release|Any CPU
		{8C7E8BD6-24EC-42A1-B5BE-78EBF6C97B80}.Release|Any CPU.Build.0 = Release|Any CPU
		{DE99B0FF-FF2C-46D7-B62D-BC60B18A7EB3}.Debug|Any CPU.ActiveCfg = Debug|Any CPU
		{DE99B0FF-FF2C-46D7-B62D-BC60B18A7EB3}.Debug|Any CPU.Build.0 = Debug|Any CPU
		{DE99B0FF-FF2C-46D7-B62D-BC60B18A7EB3}.Release|Any CPU.ActiveCfg = Release|Any CPU
		{DE99B0FF-FF2C-46D7-B62D-BC60B18A7EB3}.Release|Any CPU.Build.0 = Release|Any CPU
	EndGlobalSection
	GlobalSection(SolutionProperties) = preSolution
		HideSolutionNode = FALSE
	EndGlobalSection
	GlobalSection(ExtensibilityGlobals) = postSolution
		SolutionGuid = {A0B74E64-AA22-40F6-B66D-A15581E9E4F4}
	EndGlobalSection
EndGlobal
